<Solution>
  <Folder Name="/src/">
    <Project Path="src/TecnalHub.Harness/TecnalHub.Harness.csproj" />
    <Project Path="src/TecnalHub.Protocol/TecnalHub.Protocol.csproj" />
    <Project Path="src/TecnalHub/TecnalHub.csproj" />
  </Folder>
  <Folder Name="/tests/">
    <Project Path="tests/TecnalHub.Tests/TecnalHub.Tests.csproj" />
  </Folder>
</Solution>
